
Microsoft Visual Studio Solution File, Format Version 12.00
# Visual Studio Version 16
VisualStudioVersion = 16.0.29609.76
MinimumVisualStudioVersion = 15.0.26124.0
Project("{FAE04EC0-301F-11D3-BF4B-00C04F79EFBC}") = "NerdStore.Vendas.Domain", "src\NerdStore.Vendas.Domain\NerdStore.Vendas.Domain.csproj", "{C7EC0575-9676-4904-A018-13C3ADE43302}"
EndProject
Project("{FAE04EC0-301F-11D3-BF4B-00C04F79EFBC}") = "NerdStore.Vendas.Domain.Tests", "tests\NerdStore.Vendas.Domain.Tests\NerdStore.Vendas.Domain.Tests.csproj", "{02D1E553-22E4-48B2-A915-18D98F0B8427}"
EndProject
Project("{FAE04EC0-301F-11D3-BF4B-00C04F79EFBC}") = "NerdStore.Core", "src\NerdStore.Vendas.Domain.Core\NerdStore.Core.csproj", "{A8FF9751-F9C0-43FD-9729-BF9FB03D2855}"
EndProject
Project("{2150E333-8FDC-42A3-9474-1A3956D46DE8}") = "src", "src", "{F137C8FC-05FD-4E68-A60B-A08D64A80338}"
EndProject
Project("{2150E333-8FDC-42A3-9474-1A3956D46DE8}") = "tests", "tests", "{9E2382E1-3E2F-4856-81F5-096E359E9188}"
EndProject
Global
	GlobalSection(SolutionConfigurationPlatforms) = preSolution
		Debug|Any CPU = Debug|Any CPU
		Release|Any CPU = Release|Any CPU
	EndGlobalSection
	GlobalSection(ProjectConfigurationPlatforms) = postSolution
		{C7EC0575-9676-4904-A018-13C3ADE43302}.Debug|Any CPU.ActiveCfg = Debug|Any CPU
		{C7EC0575-9676-4904-A018-13C3ADE43302}.Debug|Any CPU.Build.0 = Debug|Any CPU
		{C7EC0575-9676-4904-A018-13C3ADE43302}.Release|Any CPU.ActiveCfg = Release|Any CPU
		{C7EC0575-9676-4904-A018-13C3ADE43302}.Release|Any CPU.Build.0 = Release|Any CPU
		{02D1E553-22E4-48B2-A915-18D98F0B8427}.Debug|Any CPU.ActiveCfg = Debug|Any CPU
		{02D1E553-22E4-48B2-A915-18D98F0B8427}.Debug|Any CPU.Build.0 = Debug|Any CPU
		{02D1E553-22E4-48B2-A915-18D98F0B8427}.Release|Any CPU.ActiveCfg = Release|Any CPU
		{02D1E553-22E4-48B2-A915-18D98F0B8427}.Release|Any CPU.Build.0 = Release|Any CPU
		{A8FF9751-F9C0-43FD-9729-BF9FB03D2855}.Debug|Any CPU.ActiveCfg = Debug|Any CPU
		{A8FF9751-F9C0-43FD-9729-BF9FB03D2855}.Debug|Any CPU.Build.0 = Debug|Any CPU
		{A8FF9751-F9C0-43FD-9729-BF9FB03D2855}.Release|Any CPU.ActiveCfg = Release|Any CPU
		{A8FF9751-F9C0-43FD-9729-BF9FB03D2855}.Release|Any CPU.Build.0 = Release|Any CPU
	EndGlobalSection
	GlobalSection(SolutionProperties) = preSolution
		HideSolutionNode = FALSE
	EndGlobalSection
	GlobalSection(NestedProjects) = preSolution
		{C7EC0575-9676-4904-A018-13C3ADE43302} = {F137C8FC-05FD-4E68-A60B-A08D64A80338}
		{02D1E553-22E4-48B2-A915-18D98F0B8427} = {9E2382E1-3E2F-4856-81F5-096E359E9188}
		{A8FF9751-F9C0-43FD-9729-BF9FB03D2855} = {F137C8FC-05FD-4E68-A60B-A08D64A80338}
	EndGlobalSection
	GlobalSection(ExtensibilityGlobals) = postSolution
		SolutionGuid = {3160A43A-D43C-4DA8-B93B-50184CF9E2CE}
	EndGlobalSection
EndGlobal
